
Microsoft Visual Studio Solution File, Format Version 12.00
# Visual Studio 15
Project("{FAE04EC0-301F-11D3-BF4B-00C04F79EFBC}") = "Star Catcher", "Star Catcher.csproj", "{8E18044D-E804-EC36-898A-E996544FDBC9}"
EndProject
Project("{FAE04EC0-301F-11D3-BF4B-00C04F79EFBC}") = "Star Catcher.Editor", "Star Catcher.Editor.csproj", "{AFE0CFD6-63FA-8D93-11C9-A8F37B89DFEB}"
EndProject
Global
	GlobalSection(SolutionConfigurationPlatforms) = preSolution
		Debug|Any CPU = Debug|Any CPU
		Release|Any CPU = Release|Any CPU
	EndGlobalSection
	GlobalSection(ProjectConfigurationPlatforms) = postSolution
		{8E18044D-E804-EC36-898A-E996544FDBC9}.Debug|Any CPU.ActiveCfg = Debug|Any CPU
		{8E18044D-E804-EC36-898A-E996544FDBC9}.Debug|Any CPU.Build.0 = Debug|Any CPU
		{8E18044D-E804-EC36-898A-E996544FDBC9}.Release|Any CPU.ActiveCfg = Release|Any CPU
		{8E18044D-E804-EC36-898A-E996544FDBC9}.Release|Any CPU.Build.0 = Release|Any CPU
		{AFE0CFD6-63FA-8D93-11C9-A8F37B89DFEB}.Debug|Any CPU.ActiveCfg = Debug|Any CPU
		{AFE0CFD6-63FA-8D93-11C9-A8F37B89DFEB}.Debug|Any CPU.Build.0 = Debug|Any CPU
		{AFE0CFD6-63FA-8D93-11C9-A8F37B89DFEB}.Release|Any CPU.ActiveCfg = Release|Any CPU
		{AFE0CFD6-63FA-8D93-11C9-A8F37B89DFEB}.Release|Any CPU.Build.0 = Release|Any CPU
	EndGlobalSection
	GlobalSection(SolutionProperties) = preSolution
		HideSolutionNode = FALSE
	EndGlobalSection
EndGlobal
