
Microsoft Visual Studio Solution File, Format Version 11.00
# Visual Studio 2010
Project("{FAE04EC0-301F-11D3-BF4B-00C04F79EFBC}") = "Star Catcher", "Assembly-CSharp.csproj", "{B731A2A6-A0DD-36A0-ABB5-119F49CD9CAD}"
EndProject
Project("{FAE04EC0-301F-11D3-BF4B-00C04F79EFBC}") = "Star Catcher", "Assembly-CSharp-Editor.csproj", "{10666BE9-4A48-55B9-C357-175A31DE3359}"
EndProject
Global
	GlobalSection(SolutionConfigurationPlatforms) = preSolution
		Debug|Any CPU = Debug|Any CPU
		Release|Any CPU = Release|Any CPU
	EndGlobalSection
	GlobalSection(ProjectConfigurationPlatforms) = postSolution
		{B731A2A6-A0DD-36A0-ABB5-119F49CD9CAD}.Debug|Any CPU.ActiveCfg = Debug|Any CPU
		{B731A2A6-A0DD-36A0-ABB5-119F49CD9CAD}.Debug|Any CPU.Build.0 = Debug|Any CPU
		{B731A2A6-A0DD-36A0-ABB5-119F49CD9CAD}.Release|Any CPU.ActiveCfg = Release|Any CPU
		{B731A2A6-A0DD-36A0-ABB5-119F49CD9CAD}.Release|Any CPU.Build.0 = Release|Any CPU
		{10666BE9-4A48-55B9-C357-175A31DE3359}.Debug|Any CPU.ActiveCfg = Debug|Any CPU
		{10666BE9-4A48-55B9-C357-175A31DE3359}.Debug|Any CPU.Build.0 = Debug|Any CPU
		{10666BE9-4A48-55B9-C357-175A31DE3359}.Release|Any CPU.ActiveCfg = Release|Any CPU
		{10666BE9-4A48-55B9-C357-175A31DE3359}.Release|Any CPU.Build.0 = Release|Any CPU
	EndGlobalSection
	GlobalSection(SolutionProperties) = preSolution
		HideSolutionNode = FALSE
	EndGlobalSection
	GlobalSection(MonoDevelopProperties) = preSolution
		StartupItem = Assembly-CSharp.csproj
	EndGlobalSection
EndGlobal
